{
  "requires": true,
  "lockfileVersion": 1,
  "dependencies": {
    "test_module_789": {
      "version": "1.0.0",
      "resolved": "https://registry.npmjs.org/test_module_789/-/test_module_789-1.0.0.tgz",
      "integrity": "sha512-8nh5FFfJM/YcYIcZjKSA/4+smEdHlNMu+ZIZAi0vq18HoO4K4z1vdrPbFpv+OxXfNVZ1XajIE0KHZKZXUUk5WA=="
    }
  }
}
